
Microsoft Visual Studio Solution File, Format Version 12.00
# Visual Studio Version 16
VisualStudioVersion = 16.0.29123.88
MinimumVisualStudioVersion = 10.0.40219.1
Project("{FAE04EC0-301F-11D3-BF4B-00C04F79EFBC}") = "fit5032_week3", "fit5032_week3.csproj", "{D703A9F5-F9E3-4F9B-A50F-F0118B2E0261}"
EndProject
Global
	GlobalSection(SolutionConfigurationPlatforms) = preSolution
		Debug|Any CPU = Debug|Any CPU
		Release|Any CPU = Release|Any CPU
	EndGlobalSection
	GlobalSection(ProjectConfigurationPlatforms) = postSolution
		{D703A9F5-F9E3-4F9B-A50F-F0118B2E0261}.Debug|Any CPU.ActiveCfg = Debug|Any CPU
		{D703A9F5-F9E3-4F9B-A50F-F0118B2E0261}.Debug|Any CPU.Build.0 = Debug|Any CPU
		{D703A9F5-F9E3-4F9B-A50F-F0118B2E0261}.Release|Any CPU.ActiveCfg = Release|Any CPU
		{D703A9F5-F9E3-4F9B-A50F-F0118B2E0261}.Release|Any CPU.Build.0 = Release|Any CPU
	EndGlobalSection
	GlobalSection(SolutionProperties) = preSolution
		HideSolutionNode = FALSE
	EndGlobalSection
	GlobalSection(ExtensibilityGlobals) = postSolution
		SolutionGuid = {AE31A943-3F83-495E-A51F-06464D5089AC}
	EndGlobalSection
EndGlobal
